github.com/JackBerck/go-say-hello v1.0.0 h1:8HyIYkXniBsW2e7PapWo4HFjYWy6/ZSSo8can0rcP2w=
github.com/JackBerck/go-say-hello v1.0.0/go.mod h1:5sRXsJO0EBTAvkeha+GX6DZkujHnQtAX4SlSijWEJ0g=
github.com/JackBerck/go-say-hello v1.0.1 h1:R+FKsH/QjCTjtDIf1jJTT5CDUrR07ron/GhNZL2ZkHE=
github.com/JackBerck/go-say-hello v1.0.1/go.mod h1:5sRXsJO0EBTAvkeha+GX6DZkujHnQtAX4SlSijWEJ0g=
github.com/JackBerck/go-say-hello/v2 v2.0.0 h1:pNXw3YLqRCfI6oKGVrsfTvILlbzdj0y4olke+7CBUXo=
github.com/JackBerck/go-say-hello/v2 v2.0.0/go.mod h1:ZozFmLrzMCn8p8FcsFg+TApMWzdclCzcdoUlRbe2Wnk=
